
Microsoft Visual Studio Solution File, Format Version 12.00
# Visual Studio 15
VisualStudioVersion = 15.0.28307.168
MinimumVisualStudioVersion = 10.0.40219.1
Project("{2150E333-8FDC-42A3-9474-1A3956D46DE8}") = "Database", "Database", "{FE2178A3-9A54-4976-A031-3D6583AD8135}"
EndProject
Project("{9A19103F-16F7-4668-BE54-9A1E7A4F7556}") = "DataEntities", "DataEntities\DataEntities.csproj", "{8FD53DF9-A172-47A4-89A6-2C679CCA8A34}"
EndProject
Project("{9A19103F-16F7-4668-BE54-9A1E7A4F7556}") = "WebAPI", "WebAPI\WebAPI.csproj", "{2CE3CE8E-81A8-41A7-B4CB-FAAB60387CAB}"
EndProject
Project("{9A19103F-16F7-4668-BE54-9A1E7A4F7556}") = "Domain", "Domain\Domain.csproj", "{25440100-8CD7-4BB0-A471-E12052659241}"
EndProject
Project("{9A19103F-16F7-4668-BE54-9A1E7A4F7556}") = "IoC", "IoC\IoC.csproj", "{E6356529-0885-432D-B97A-33CEA490B07C}"
EndProject
Project("{9A19103F-16F7-4668-BE54-9A1E7A4F7556}") = "Repositories", "Repositories\Repositories.csproj", "{12FC1F21-076C-4B8B-ACCF-520690C10A11}"
EndProject
Project("{9A19103F-16F7-4668-BE54-9A1E7A4F7556}") = "Services", "Services\Services.csproj", "{DE8715CD-5154-4778-BE23-1719B11E85B6}"
EndProject
Project("{2150E333-8FDC-42A3-9474-1A3956D46DE8}") = "DBScript", "DBScript", "{331BDAD1-6B3B-494E-A7B4-2FB41905C04F}"
	ProjectSection(SolutionItems) = preProject
		DBScript\DBScript.sql = DBScript\DBScript.sql
	EndProjectSection
EndProject
Global
	GlobalSection(SolutionConfigurationPlatforms) = preSolution
		Debug|Any CPU = Debug|Any CPU
		Release|Any CPU = Release|Any CPU
	EndGlobalSection
	GlobalSection(ProjectConfigurationPlatforms) = postSolution
		{8FD53DF9-A172-47A4-89A6-2C679CCA8A34}.Debug|Any CPU.ActiveCfg = Debug|Any CPU
		{8FD53DF9-A172-47A4-89A6-2C679CCA8A34}.Debug|Any CPU.Build.0 = Debug|Any CPU
		{8FD53DF9-A172-47A4-89A6-2C679CCA8A34}.Release|Any CPU.ActiveCfg = Release|Any CPU
		{8FD53DF9-A172-47A4-89A6-2C679CCA8A34}.Release|Any CPU.Build.0 = Release|Any CPU
		{2CE3CE8E-81A8-41A7-B4CB-FAAB60387CAB}.Debug|Any CPU.ActiveCfg = Debug|Any CPU
		{2CE3CE8E-81A8-41A7-B4CB-FAAB60387CAB}.Debug|Any CPU.Build.0 = Debug|Any CPU
		{2CE3CE8E-81A8-41A7-B4CB-FAAB60387CAB}.Release|Any CPU.ActiveCfg = Release|Any CPU
		{2CE3CE8E-81A8-41A7-B4CB-FAAB60387CAB}.Release|Any CPU.Build.0 = Release|Any CPU
		{25440100-8CD7-4BB0-A471-E12052659241}.Debug|Any CPU.ActiveCfg = Debug|Any CPU
		{25440100-8CD7-4BB0-A471-E12052659241}.Debug|Any CPU.Build.0 = Debug|Any CPU
		{25440100-8CD7-4BB0-A471-E12052659241}.Release|Any CPU.ActiveCfg = Release|Any CPU
		{25440100-8CD7-4BB0-A471-E12052659241}.Release|Any CPU.Build.0 = Release|Any CPU
		{E6356529-0885-432D-B97A-33CEA490B07C}.Debug|Any CPU.ActiveCfg = Debug|Any CPU
		{E6356529-0885-432D-B97A-33CEA490B07C}.Debug|Any CPU.Build.0 = Debug|Any CPU
		{E6356529-0885-432D-B97A-33CEA490B07C}.Release|Any CPU.ActiveCfg = Release|Any CPU
		{E6356529-0885-432D-B97A-33CEA490B07C}.Release|Any CPU.Build.0 = Release|Any CPU
		{12FC1F21-076C-4B8B-ACCF-520690C10A11}.Debug|Any CPU.ActiveCfg = Debug|Any CPU
		{12FC1F21-076C-4B8B-ACCF-520690C10A11}.Debug|Any CPU.Build.0 = Debug|Any CPU
		{12FC1F21-076C-4B8B-ACCF-520690C10A11}.Release|Any CPU.ActiveCfg = Release|Any CPU
		{12FC1F21-076C-4B8B-ACCF-520690C10A11}.Release|Any CPU.Build.0 = Release|Any CPU
		{DE8715CD-5154-4778-BE23-1719B11E85B6}.Debug|Any CPU.ActiveCfg = Debug|Any CPU
		{DE8715CD-5154-4778-BE23-1719B11E85B6}.Debug|Any CPU.Build.0 = Debug|Any CPU
		{DE8715CD-5154-4778-BE23-1719B11E85B6}.Release|Any CPU.ActiveCfg = Release|Any CPU
		{DE8715CD-5154-4778-BE23-1719B11E85B6}.Release|Any CPU.Build.0 = Release|Any CPU
	EndGlobalSection
	GlobalSection(SolutionProperties) = preSolution
		HideSolutionNode = FALSE
	EndGlobalSection
	GlobalSection(NestedProjects) = preSolution
		{8FD53DF9-A172-47A4-89A6-2C679CCA8A34} = {FE2178A3-9A54-4976-A031-3D6583AD8135}
		{331BDAD1-6B3B-494E-A7B4-2FB41905C04F} = {FE2178A3-9A54-4976-A031-3D6583AD8135}
	EndGlobalSection
	GlobalSection(ExtensibilityGlobals) = postSolution
		SolutionGuid = {9F941CDA-8864-49BF-8222-DDEA5158B5F8}
	EndGlobalSection
EndGlobal
